
Microsoft Visual Studio Solution File, Format Version 12.00
# Visual Studio 15
VisualStudioVersion = 15.0.28307.136
MinimumVisualStudioVersion = 10.0.40219.1
Project("{2150E333-8FDC-42A3-9474-1A3956D46DE8}") = "src", "src", "{A6ECBDAC-0F43-4A6F-9350-C9D4F7E71943}"
EndProject
Project("{2150E333-8FDC-42A3-9474-1A3956D46DE8}") = "test", "test", "{6336271F-5350-499E-903E-E26AF14A5D0D}"
EndProject
Project("{2150E333-8FDC-42A3-9474-1A3956D46DE8}") = "Solution Items", "Solution Items", "{922EAD46-6A88-4D01-9662-FF9447F0F812}"
	ProjectSection(SolutionItems) = preProject
		Directory.build.props = Directory.build.props
	EndProjectSection
EndProject
Project("{9A19103F-16F7-4668-BE54-9A1E7A4F7556}") = "K9NanoMesh.Remote", "src\K9NanoMesh.Remote\K9NanoMesh.Remote.csproj", "{E1B240DC-513D-4F6F-A443-4AAA92EBA4C3}"
EndProject
Project("{9A19103F-16F7-4668-BE54-9A1E7A4F7556}") = "K9NanoMesh.Core", "src\K9NanoMesh.Core\K9NanoMesh.Core.csproj", "{16272374-5ED7-47CA-8674-C8331364D660}"
EndProject
Project("{2150E333-8FDC-42A3-9474-1A3956D46DE8}") = "samples", "samples", "{221352EB-58CF-4152-A06D-2A9704B26CAC}"
EndProject
Project("{9A19103F-16F7-4668-BE54-9A1E7A4F7556}") = "SampleService.Abstractions", "samples\SampleService.Abstractions\SampleService.Abstractions.csproj", "{D3E171C3-192D-4565-8CE7-54FBB01F6E35}"
EndProject
Project("{9A19103F-16F7-4668-BE54-9A1E7A4F7556}") = "K9NanoMesh.Remote.Test", "test\K9NanoMesh.Remote.Test\K9NanoMesh.Remote.Test.csproj", "{9EE11BC6-EB19-429D-B05A-F49CB14BF416}"
EndProject
Global
	GlobalSection(SolutionConfigurationPlatforms) = preSolution
		Debug|Any CPU = Debug|Any CPU
		Release|Any CPU = Release|Any CPU
	EndGlobalSection
	GlobalSection(ProjectConfigurationPlatforms) = postSolution
		{E1B240DC-513D-4F6F-A443-4AAA92EBA4C3}.Debug|Any CPU.ActiveCfg = Debug|Any CPU
		{E1B240DC-513D-4F6F-A443-4AAA92EBA4C3}.Debug|Any CPU.Build.0 = Debug|Any CPU
		{E1B240DC-513D-4F6F-A443-4AAA92EBA4C3}.Release|Any CPU.ActiveCfg = Release|Any CPU
		{E1B240DC-513D-4F6F-A443-4AAA92EBA4C3}.Release|Any CPU.Build.0 = Release|Any CPU
		{16272374-5ED7-47CA-8674-C8331364D660}.Debug|Any CPU.ActiveCfg = Debug|Any CPU
		{16272374-5ED7-47CA-8674-C8331364D660}.Debug|Any CPU.Build.0 = Debug|Any CPU
		{16272374-5ED7-47CA-8674-C8331364D660}.Release|Any CPU.ActiveCfg = Release|Any CPU
		{16272374-5ED7-47CA-8674-C8331364D660}.Release|Any CPU.Build.0 = Release|Any CPU
		{D3E171C3-192D-4565-8CE7-54FBB01F6E35}.Debug|Any CPU.ActiveCfg = Debug|Any CPU
		{D3E171C3-192D-4565-8CE7-54FBB01F6E35}.Debug|Any CPU.Build.0 = Debug|Any CPU
		{D3E171C3-192D-4565-8CE7-54FBB01F6E35}.Release|Any CPU.ActiveCfg = Release|Any CPU
		{D3E171C3-192D-4565-8CE7-54FBB01F6E35}.Release|Any CPU.Build.0 = Release|Any CPU
		{9EE11BC6-EB19-429D-B05A-F49CB14BF416}.Debug|Any CPU.ActiveCfg = Debug|Any CPU
		{9EE11BC6-EB19-429D-B05A-F49CB14BF416}.Debug|Any CPU.Build.0 = Debug|Any CPU
		{9EE11BC6-EB19-429D-B05A-F49CB14BF416}.Release|Any CPU.ActiveCfg = Release|Any CPU
		{9EE11BC6-EB19-429D-B05A-F49CB14BF416}.Release|Any CPU.Build.0 = Release|Any CPU
	EndGlobalSection
	GlobalSection(SolutionProperties) = preSolution
		HideSolutionNode = FALSE
	EndGlobalSection
	GlobalSection(NestedProjects) = preSolution
		{E1B240DC-513D-4F6F-A443-4AAA92EBA4C3} = {A6ECBDAC-0F43-4A6F-9350-C9D4F7E71943}
		{16272374-5ED7-47CA-8674-C8331364D660} = {A6ECBDAC-0F43-4A6F-9350-C9D4F7E71943}
		{D3E171C3-192D-4565-8CE7-54FBB01F6E35} = {221352EB-58CF-4152-A06D-2A9704B26CAC}
		{9EE11BC6-EB19-429D-B05A-F49CB14BF416} = {6336271F-5350-499E-903E-E26AF14A5D0D}
	EndGlobalSection
	GlobalSection(ExtensibilityGlobals) = postSolution
		SolutionGuid = {FE33B42B-1816-43D5-B46D-8F1EC9C94648}
	EndGlobalSection
EndGlobal
